
Microsoft Visual Studio Solution File, Format Version 12.00
# Visual Studio Version 17
VisualStudioVersion = 17.5.33424.131
MinimumVisualStudioVersion = 10.0.40219.1
Project("{FAE04EC0-301F-11D3-BF4B-00C04F79EFBC}") = "ContactManagerApp", "ContactManagerApp.csproj", "{54E164D6-4E64-444F-A5B6-C15E94FE9ECF}"
EndProject
Global
	GlobalSection(SolutionConfigurationPlatforms) = preSolution
		Debug|Any CPU = Debug|Any CPU
		Release|Any CPU = Release|Any CPU
	EndGlobalSection
	GlobalSection(ProjectConfigurationPlatforms) = postSolution
		{54E164D6-4E64-444F-A5B6-C15E94FE9ECF}.Debug|Any CPU.ActiveCfg = Debug|Any CPU
		{54E164D6-4E64-444F-A5B6-C15E94FE9ECF}.Debug|Any CPU.Build.0 = Debug|Any CPU
		{54E164D6-4E64-444F-A5B6-C15E94FE9ECF}.Release|Any CPU.ActiveCfg = Release|Any CPU
		{54E164D6-4E64-444F-A5B6-C15E94FE9ECF}.Release|Any CPU.Build.0 = Release|Any CPU
	EndGlobalSection
	GlobalSection(SolutionProperties) = preSolution
		HideSolutionNode = FALSE
	EndGlobalSection
	GlobalSection(ExtensibilityGlobals) = postSolution
		SolutionGuid = {5E1E9A0E-C402-4CC4-89D9-DF11CF0AB417}
	EndGlobalSection
EndGlobal
